
Microsoft Visual Studio Solution File, Format Version 12.00
# Visual Studio Version 17
VisualStudioVersion = 17.11.35219.272
MinimumVisualStudioVersion = 10.0.40219.1
Project("{9A19103F-16F7-4668-BE54-9A1E7A4F7556}") = "Metotlar", "Metotlar\Metotlar.csproj", "{B161C897-23E1-4B65-A371-1C7F1FBB8FD8}"
EndProject
Project("{9A19103F-16F7-4668-BE54-9A1E7A4F7556}") = "Matematik", "Matematik\Matematik.csproj", "{94DD9E66-0094-4EC3-8BAB-7917CAF0775C}"
EndProject
Project("{9A19103F-16F7-4668-BE54-9A1E7A4F7556}") = "DegerveReferansTipler", "DegerveReferansTipler\DegerveReferansTipler.csproj", "{7616FEFD-DA86-4525-9803-F651210083C7}"
EndProject
Project("{9A19103F-16F7-4668-BE54-9A1E7A4F7556}") = "OOP1", "OOP1\OOP1.csproj", "{390E1358-4421-4307-AB36-64DE33A16D7D}"
EndProject
Project("{9A19103F-16F7-4668-BE54-9A1E7A4F7556}") = "Koleksiyonlar", "Koleksiyonlar\Koleksiyonlar.csproj", "{3D0ADBDE-2640-4D19-A27B-5BADB4AC540B}"
EndProject
Project("{FAE04EC0-301F-11D3-BF4B-00C04F79EFBC}") = "Generics", "Generics\Generics.csproj", "{34E1F2AD-959F-464B-B077-0CE8E74BA520}"
EndProject
Project("{FAE04EC0-301F-11D3-BF4B-00C04F79EFBC}") = "OOP2", "OOP2\OOP2.csproj", "{F54E1F29-8F9F-468A-B35C-FA2047353BA7}"
EndProject
Project("{FAE04EC0-301F-11D3-BF4B-00C04F79EFBC}") = "OOP3", "OOP3\OOP3.csproj", "{0801234B-010A-42EF-95C8-7397AE4EF5E4}"
EndProject
Global
	GlobalSection(SolutionConfigurationPlatforms) = preSolution
		Debug|Any CPU = Debug|Any CPU
		Release|Any CPU = Release|Any CPU
	EndGlobalSection
	GlobalSection(ProjectConfigurationPlatforms) = postSolution
		{B161C897-23E1-4B65-A371-1C7F1FBB8FD8}.Debug|Any CPU.ActiveCfg = Debug|Any CPU
		{B161C897-23E1-4B65-A371-1C7F1FBB8FD8}.Debug|Any CPU.Build.0 = Debug|Any CPU
		{B161C897-23E1-4B65-A371-1C7F1FBB8FD8}.Release|Any CPU.ActiveCfg = Release|Any CPU
		{B161C897-23E1-4B65-A371-1C7F1FBB8FD8}.Release|Any CPU.Build.0 = Release|Any CPU
		{94DD9E66-0094-4EC3-8BAB-7917CAF0775C}.Debug|Any CPU.ActiveCfg = Debug|Any CPU
		{94DD9E66-0094-4EC3-8BAB-7917CAF0775C}.Debug|Any CPU.Build.0 = Debug|Any CPU
		{94DD9E66-0094-4EC3-8BAB-7917CAF0775C}.Release|Any CPU.ActiveCfg = Release|Any CPU
		{94DD9E66-0094-4EC3-8BAB-7917CAF0775C}.Release|Any CPU.Build.0 = Release|Any CPU
		{7616FEFD-DA86-4525-9803-F651210083C7}.Debug|Any CPU.ActiveCfg = Debug|Any CPU
		{7616FEFD-DA86-4525-9803-F651210083C7}.Debug|Any CPU.Build.0 = Debug|Any CPU
		{7616FEFD-DA86-4525-9803-F651210083C7}.Release|Any CPU.ActiveCfg = Release|Any CPU
		{7616FEFD-DA86-4525-9803-F651210083C7}.Release|Any CPU.Build.0 = Release|Any CPU
		{390E1358-4421-4307-AB36-64DE33A16D7D}.Debug|Any CPU.ActiveCfg = Debug|Any CPU
		{390E1358-4421-4307-AB36-64DE33A16D7D}.Debug|Any CPU.Build.0 = Debug|Any CPU
		{390E1358-4421-4307-AB36-64DE33A16D7D}.Release|Any CPU.ActiveCfg = Release|Any CPU
		{390E1358-4421-4307-AB36-64DE33A16D7D}.Release|Any CPU.Build.0 = Release|Any CPU
		{3D0ADBDE-2640-4D19-A27B-5BADB4AC540B}.Debug|Any CPU.ActiveCfg = Debug|Any CPU
		{3D0ADBDE-2640-4D19-A27B-5BADB4AC540B}.Debug|Any CPU.Build.0 = Debug|Any CPU
		{3D0ADBDE-2640-4D19-A27B-5BADB4AC540B}.Release|Any CPU.ActiveCfg = Release|Any CPU
		{3D0ADBDE-2640-4D19-A27B-5BADB4AC540B}.Release|Any CPU.Build.0 = Release|Any CPU
		{34E1F2AD-959F-464B-B077-0CE8E74BA520}.Debug|Any CPU.ActiveCfg = Debug|Any CPU
		{34E1F2AD-959F-464B-B077-0CE8E74BA520}.Debug|Any CPU.Build.0 = Debug|Any CPU
		{34E1F2AD-959F-464B-B077-0CE8E74BA520}.Release|Any CPU.ActiveCfg = Release|Any CPU
		{34E1F2AD-959F-464B-B077-0CE8E74BA520}.Release|Any CPU.Build.0 = Release|Any CPU
		{F54E1F29-8F9F-468A-B35C-FA2047353BA7}.Debug|Any CPU.ActiveCfg = Debug|Any CPU
		{F54E1F29-8F9F-468A-B35C-FA2047353BA7}.Debug|Any CPU.Build.0 = Debug|Any CPU
		{F54E1F29-8F9F-468A-B35C-FA2047353BA7}.Release|Any CPU.ActiveCfg = Release|Any CPU
		{F54E1F29-8F9F-468A-B35C-FA2047353BA7}.Release|Any CPU.Build.0 = Release|Any CPU
		{0801234B-010A-42EF-95C8-7397AE4EF5E4}.Debug|Any CPU.ActiveCfg = Debug|Any CPU
		{0801234B-010A-42EF-95C8-7397AE4EF5E4}.Debug|Any CPU.Build.0 = Debug|Any CPU
		{0801234B-010A-42EF-95C8-7397AE4EF5E4}.Release|Any CPU.ActiveCfg = Release|Any CPU
		{0801234B-010A-42EF-95C8-7397AE4EF5E4}.Release|Any CPU.Build.0 = Release|Any CPU
	EndGlobalSection
	GlobalSection(SolutionProperties) = preSolution
		HideSolutionNode = FALSE
	EndGlobalSection
	GlobalSection(ExtensibilityGlobals) = postSolution
		SolutionGuid = {D54D2739-1D17-4C72-871E-6D0E13D68217}
	EndGlobalSection
EndGlobal
